// !$*UTF8*$!
{
	archiveVersion = 1;
	classes = {
	};
	objectVersion = 45;
	objects = {

/* Begin PBXBuildFile section */
		1D3623260D0F684500981E51 /* Tuit_arAppDelegate.m in Sources */ = {isa = PBXBuildFile; fileRef = 1D3623250D0F684500981E51 /* Tuit_arAppDelegate.m */; };
		1D60589B0D05DD56006BFB54 /* main.m in Sources */ = {isa = PBXBuildFile; fileRef = 29B97316FDCFA39411CA2CEA /* main.m */; };
		1D60589F0D05DD5A006BFB54 /* Foundation.framework in Frameworks */ = {isa = PBXBuildFile; fileRef = 1D30AB110D05D00D00671497 /* Foundation.framework */; };
		1DF5F4E00D08C38300B7A737 /* UIKit.framework in Frameworks */ = {isa = PBXBuildFile; fileRef = 1DF5F4DF0D08C38300B7A737 /* UIKit.framework */; };
		288765FD0DF74451002DB57D /* CoreGraphics.framework in Frameworks */ = {isa = PBXBuildFile; fileRef = 288765FC0DF74451002DB57D /* CoreGraphics.framework */; };
		28AD733F0D9D9553002E5188 /* MainWindow.xib in Resources */ = {isa = PBXBuildFile; fileRef = 28AD733E0D9D9553002E5188 /* MainWindow.xib */; };
		C9023EC5116000E60013A900 /* Preferences.m in Sources */ = {isa = PBXBuildFile; fileRef = C9023EC3116000E60013A900 /* Preferences.m */; };
		C9023EC6116000E60013A900 /* Preferences.xib in Resources */ = {isa = PBXBuildFile; fileRef = C9023EC4116000E60013A900 /* Preferences.xib */; };
		C91EA483115D78D600182550 /* Login.m in Sources */ = {isa = PBXBuildFile; fileRef = C91EA481115D78D600182550 /* Login.m */; };
		C91EA484115D78D600182550 /* Login.xib in Resources */ = {isa = PBXBuildFile; fileRef = C91EA482115D78D600182550 /* Login.xib */; };
		C91EA532115D7CAD00182550 /* Twitter.m in Sources */ = {isa = PBXBuildFile; fileRef = C91EA531115D7CAD00182550 /* Twitter.m */; };
		C91EA535115D7DF400182550 /* TwitterRequest.m in Sources */ = {isa = PBXBuildFile; fileRef = C91EA534115D7DF400182550 /* TwitterRequest.m */; };
		C91EA58F115D820D00182550 /* HTTPRequest.m in Sources */ = {isa = PBXBuildFile; fileRef = C91EA587115D820D00182550 /* HTTPRequest.m */; };
		C91EA590115D820D00182550 /* HTTPRequestAsyncronic.m in Sources */ = {isa = PBXBuildFile; fileRef = C91EA589115D820D00182550 /* HTTPRequestAsyncronic.m */; };
		C91EA591115D820D00182550 /* HTTPRequestSyncronic.m in Sources */ = {isa = PBXBuildFile; fileRef = C91EA58B115D820D00182550 /* HTTPRequestSyncronic.m */; };
		C91EA592115D820D00182550 /* JSONHTTPRequest.m in Sources */ = {isa = PBXBuildFile; fileRef = C91EA58E115D820D00182550 /* JSONHTTPRequest.m */; };
		C91EA5C3115D846B00182550 /* NSMutableSetNonRetain.m in Sources */ = {isa = PBXBuildFile; fileRef = C91EA5BE115D846B00182550 /* NSMutableSetNonRetain.m */; };
		C91EA5C4115D846B00182550 /* NSObjectClassName.m in Sources */ = {isa = PBXBuildFile; fileRef = C91EA5C0115D846B00182550 /* NSObjectClassName.m */; };
		C91EA5C5115D846B00182550 /* UITableViewCellLoader.m in Sources */ = {isa = PBXBuildFile; fileRef = C91EA5C2115D846B00182550 /* UITableViewCellLoader.m */; };
		C91EA5D1115D849500182550 /* SystemConfiguration.framework in Frameworks */ = {isa = PBXBuildFile; fileRef = C91EA5D0115D849500182550 /* SystemConfiguration.framework */; };
		C91EA6FC115D8E8200182550 /* Tweet.m in Sources */ = {isa = PBXBuildFile; fileRef = C91EA6FB115D8E8200182550 /* Tweet.m */; };
		C91EA71D115DA16200182550 /* Timeline.m in Sources */ = {isa = PBXBuildFile; fileRef = C91EA71C115DA16200182550 /* Timeline.m */; };
		C91EA781115DA5AF00182550 /* TimelineFriends.m in Sources */ = {isa = PBXBuildFile; fileRef = C91EA780115DA5AF00182550 /* TimelineFriends.m */; };
		C9351D2311601069001CFE7C /* Settings.m in Sources */ = {isa = PBXBuildFile; fileRef = C9351D2211601069001CFE7C /* Settings.m */; };
		C9EB2E07115E4DDD0088586B /* NSObject+SBJSON.m in Sources */ = {isa = PBXBuildFile; fileRef = C9EB2DFC115E4DDD0088586B /* NSObject+SBJSON.m */; };
		C9EB2E08115E4DDD0088586B /* NSString+SBJSON.m in Sources */ = {isa = PBXBuildFile; fileRef = C9EB2DFE115E4DDD0088586B /* NSString+SBJSON.m */; };
		C9EB2E09115E4DDD0088586B /* SBJSON.m in Sources */ = {isa = PBXBuildFile; fileRef = C9EB2E00115E4DDD0088586B /* SBJSON.m */; };
		C9EB2E0A115E4DDD0088586B /* SBJsonBase.m in Sources */ = {isa = PBXBuildFile; fileRef = C9EB2E02115E4DDD0088586B /* SBJsonBase.m */; };
		C9EB2E0B115E4DDD0088586B /* SBJsonParser.m in Sources */ = {isa = PBXBuildFile; fileRef = C9EB2E04115E4DDD0088586B /* SBJsonParser.m */; };
		C9EB2E0C115E4DDD0088586B /* SBJsonWriter.m in Sources */ = {isa = PBXBuildFile; fileRef = C9EB2E06115E4DDD0088586B /* SBJsonWriter.m */; };
		C9EB2E73115E523F0088586B /* MainController.m in Sources */ = {isa = PBXBuildFile; fileRef = C9EB2E72115E523F0088586B /* MainController.m */; };
		C9EB3001115E607E0088586B /* Timeline.xib in Resources */ = {isa = PBXBuildFile; fileRef = C9EB2FF9115E607E0088586B /* Timeline.xib */; };
		C9EB3002115E607E0088586B /* TimelineCell.m in Sources */ = {isa = PBXBuildFile; fileRef = C9EB2FFB115E607E0088586B /* TimelineCell.m */; };
		C9EB3003115E607E0088586B /* TimelineCell.xib in Resources */ = {isa = PBXBuildFile; fileRef = C9EB2FFC115E607E0088586B /* TimelineCell.xib */; };
		C9EB3004115E607E0088586B /* TimelineFriendsController.m in Sources */ = {isa = PBXBuildFile; fileRef = C9EB2FFE115E607E0088586B /* TimelineFriendsController.m */; };
		C9EB3005115E607E0088586B /* TimelineController.m in Sources */ = {isa = PBXBuildFile; fileRef = C9EB3000115E607E0088586B /* TimelineController.m */; };
		C9EB3008115E608A0088586B /* TimelineRepliesController.m in Sources */ = {isa = PBXBuildFile; fileRef = C9EB3007115E608A0088586B /* TimelineRepliesController.m */; };
		C9EB300D115E60BB0088586B /* TimelineReplies.m in Sources */ = {isa = PBXBuildFile; fileRef = C9EB300C115E60BB0088586B /* TimelineReplies.m */; };
		C9EB303E115E625E0088586B /* NewTweet.m in Sources */ = {isa = PBXBuildFile; fileRef = C9EB303C115E625E0088586B /* NewTweet.m */; };
		C9EB303F115E625E0088586B /* NewTweet.xib in Resources */ = {isa = PBXBuildFile; fileRef = C9EB303D115E625E0088586B /* NewTweet.xib */; };
		C9EB3092115E6AB10088586B /* TweetOptions.m in Sources */ = {isa = PBXBuildFile; fileRef = C9EB3090115E6AB10088586B /* TweetOptions.m */; };
		C9EB3093115E6AB10088586B /* TweetOptions.xib in Resources */ = {isa = PBXBuildFile; fileRef = C9EB3091115E6AB10088586B /* TweetOptions.xib */; };
/* End PBXBuildFile section */

/* Begin PBXFileReference section */
		1D30AB110D05D00D00671497 /* Foundation.framework */ = {isa = PBXFileReference; lastKnownFileType = wrapper.framework; name = Foundation.framework; path = System/Library/Frameworks/Foundation.framework; sourceTree = SDKROOT; };
		1D3623240D0F684500981E51 /* Tuit_arAppDelegate.h */ = {isa = PBXFileReference; fileEncoding = 4; lastKnownFileType = sourcecode.c.h; path = Tuit_arAppDelegate.h; sourceTree = "<group>"; };
		1D3623250D0F684500981E51 /* Tuit_arAppDelegate.m */ = {isa = PBXFileReference; fileEncoding = 4; lastKnownFileType = sourcecode.c.objc; path = Tuit_arAppDelegate.m; sourceTree = "<group>"; };
		1D6058910D05DD3D006BFB54 /* Tuit-ar.app */ = {isa = PBXFileReference; explicitFileType = wrapper.application; includeInIndex = 0; path = "Tuit-ar.app"; sourceTree = BUILT_PRODUCTS_DIR; };
		1DF5F4DF0D08C38300B7A737 /* UIKit.framework */ = {isa = PBXFileReference; lastKnownFileType = wrapper.framework; name = UIKit.framework; path = System/Library/Frameworks/UIKit.framework; sourceTree = SDKROOT; };
		288765FC0DF74451002DB57D /* CoreGraphics.framework */ = {isa = PBXFileReference; lastKnownFileType = wrapper.framework; name = CoreGraphics.framework; path = System/Library/Frameworks/CoreGraphics.framework; sourceTree = SDKROOT; };
		28AD733E0D9D9553002E5188 /* MainWindow.xib */ = {isa = PBXFileReference; lastKnownFileType = file.xib; path = MainWindow.xib; sourceTree = "<group>"; };
		29B97316FDCFA39411CA2CEA /* main.m */ = {isa = PBXFileReference; fileEncoding = 4; lastKnownFileType = sourcecode.c.objc; path = main.m; sourceTree = "<group>"; };
		32CA4F630368D1EE00C91783 /* Tuit_ar_Prefix.pch */ = {isa = PBXFileReference; fileEncoding = 4; lastKnownFileType = sourcecode.c.h; path = Tuit_ar_Prefix.pch; sourceTree = "<group>"; };
		8D1107310486CEB800E47090 /* Tuit_ar-Info.plist */ = {isa = PBXFileReference; fileEncoding = 4; lastKnownFileType = text.plist.xml; path = "Tuit_ar-Info.plist"; plistStructureDefinitionIdentifier = "com.apple.xcode.plist.structure-definition.iphone.info-plist"; sourceTree = "<group>"; };
		C9023EC2116000E60013A900 /* Preferences.h */ = {isa = PBXFileReference; fileEncoding = 4; lastKnownFileType = sourcecode.c.h; path = Preferences.h; sourceTree = "<group>"; };
		C9023EC3116000E60013A900 /* Preferences.m */ = {isa = PBXFileReference; fileEncoding = 4; lastKnownFileType = sourcecode.c.objc; path = Preferences.m; sourceTree = "<group>"; };
		C9023EC4116000E60013A900 /* Preferences.xib */ = {isa = PBXFileReference; lastKnownFileType = file.xib; path = Preferences.xib; sourceTree = "<group>"; };
		C91EA480115D78D600182550 /* Login.h */ = {isa = PBXFileReference; fileEncoding = 4; lastKnownFileType = sourcecode.c.h; path = Login.h; sourceTree = "<group>"; };
		C91EA481115D78D600182550 /* Login.m */ = {isa = PBXFileReference; fileEncoding = 4; lastKnownFileType = sourcecode.c.objc; path = Login.m; sourceTree = "<group>"; };
		C91EA482115D78D600182550 /* Login.xib */ = {isa = PBXFileReference; lastKnownFileType = file.xib; path = Login.xib; sourceTree = "<group>"; };
		C91EA530115D7CAD00182550 /* Twitter.h */ = {isa = PBXFileReference; fileEncoding = 4; lastKnownFileType = sourcecode.c.h; path = Twitter.h; sourceTree = "<group>"; };
		C91EA531115D7CAD00182550 /* Twitter.m */ = {isa = PBXFileReference; fileEncoding = 4; lastKnownFileType = sourcecode.c.objc; path = Twitter.m; sourceTree = "<group>"; };
		C91EA533115D7DF400182550 /* TwitterRequest.h */ = {isa = PBXFileReference; fileEncoding = 4; lastKnownFileType = sourcecode.c.h; path = TwitterRequest.h; sourceTree = "<group>"; };
		C91EA534115D7DF400182550 /* TwitterRequest.m */ = {isa = PBXFileReference; fileEncoding = 4; lastKnownFileType = sourcecode.c.objc; path = TwitterRequest.m; sourceTree = "<group>"; };
		C91EA536115D7E6A00182550 /* TwitterObserver.h */ = {isa = PBXFileReference; fileEncoding = 4; lastKnownFileType = sourcecode.c.h; path = TwitterObserver.h; sourceTree = "<group>"; };
		C91EA586115D820D00182550 /* HTTPRequest.h */ = {isa = PBXFileReference; fileEncoding = 4; lastKnownFileType = sourcecode.c.h; path = HTTPRequest.h; sourceTree = "<group>"; };
		C91EA587115D820D00182550 /* HTTPRequest.m */ = {isa = PBXFileReference; fileEncoding = 4; lastKnownFileType = sourcecode.c.objc; path = HTTPRequest.m; sourceTree = "<group>"; };
		C91EA588115D820D00182550 /* HTTPRequestAsyncronic.h */ = {isa = PBXFileReference; fileEncoding = 4; lastKnownFileType = sourcecode.c.h; path = HTTPRequestAsyncronic.h; sourceTree = "<group>"; };
		C91EA589115D820D00182550 /* HTTPRequestAsyncronic.m */ = {isa = PBXFileReference; fileEncoding = 4; lastKnownFileType = sourcecode.c.objc; path = HTTPRequestAsyncronic.m; sourceTree = "<group>"; };
		C91EA58A115D820D00182550 /* HTTPRequestSyncronic.h */ = {isa = PBXFileReference; fileEncoding = 4; lastKnownFileType = sourcecode.c.h; path = HTTPRequestSyncronic.h; sourceTree = "<group>"; };
		C91EA58B115D820D00182550 /* HTTPRequestSyncronic.m */ = {isa = PBXFileReference; fileEncoding = 4; lastKnownFileType = sourcecode.c.objc; path = HTTPRequestSyncronic.m; sourceTree = "<group>"; };
		C91EA58D115D820D00182550 /* JSONHTTPRequest.h */ = {isa = PBXFileReference; fileEncoding = 4; lastKnownFileType = sourcecode.c.h; path = JSONHTTPRequest.h; sourceTree = "<group>"; };
		C91EA58E115D820D00182550 /* JSONHTTPRequest.m */ = {isa = PBXFileReference; fileEncoding = 4; lastKnownFileType = sourcecode.c.objc; path = JSONHTTPRequest.m; sourceTree = "<group>"; };
		C91EA5BD115D846B00182550 /* NSMutableSetNonRetain.h */ = {isa = PBXFileReference; fileEncoding = 4; lastKnownFileType = sourcecode.c.h; path = NSMutableSetNonRetain.h; sourceTree = "<group>"; };
		C91EA5BE115D846B00182550 /* NSMutableSetNonRetain.m */ = {isa = PBXFileReference; fileEncoding = 4; lastKnownFileType = sourcecode.c.objc; path = NSMutableSetNonRetain.m; sourceTree = "<group>"; };
		C91EA5BF115D846B00182550 /* NSObjectClassName.h */ = {isa = PBXFileReference; fileEncoding = 4; lastKnownFileType = sourcecode.c.h; path = NSObjectClassName.h; sourceTree = "<group>"; };
		C91EA5C0115D846B00182550 /* NSObjectClassName.m */ = {isa = PBXFileReference; fileEncoding = 4; lastKnownFileType = sourcecode.c.objc; path = NSObjectClassName.m; sourceTree = "<group>"; };
		C91EA5C1115D846B00182550 /* UITableViewCellLoader.h */ = {isa = PBXFileReference; fileEncoding = 4; lastKnownFileType = sourcecode.c.h; path = UITableViewCellLoader.h; sourceTree = "<group>"; };
		C91EA5C2115D846B00182550 /* UITableViewCellLoader.m */ = {isa = PBXFileReference; fileEncoding = 4; lastKnownFileType = sourcecode.c.objc; path = UITableViewCellLoader.m; sourceTree = "<group>"; };
		C91EA5D0115D849500182550 /* SystemConfiguration.framework */ = {isa = PBXFileReference; lastKnownFileType = wrapper.framework; name = SystemConfiguration.framework; path = System/Library/Frameworks/SystemConfiguration.framework; sourceTree = SDKROOT; };
		C91EA6FA115D8E8200182550 /* Tweet.h */ = {isa = PBXFileReference; fileEncoding = 4; lastKnownFileType = sourcecode.c.h; path = Tweet.h; sourceTree = "<group>"; };
		C91EA6FB115D8E8200182550 /* Tweet.m */ = {isa = PBXFileReference; fileEncoding = 4; lastKnownFileType = sourcecode.c.objc; path = Tweet.m; sourceTree = "<group>"; };
		C91EA71B115DA16200182550 /* Timeline.h */ = {isa = PBXFileReference; fileEncoding = 4; lastKnownFileType = sourcecode.c.h; path = Timeline.h; sourceTree = "<group>"; };
		C91EA71C115DA16200182550 /* Timeline.m */ = {isa = PBXFileReference; fileEncoding = 4; lastKnownFileType = sourcecode.c.objc; path = Timeline.m; sourceTree = "<group>"; };
		C91EA76C115DA4D200182550 /* TimelineObserver.h */ = {isa = PBXFileReference; fileEncoding = 4; lastKnownFileType = sourcecode.c.h; path = TimelineObserver.h; sourceTree = "<group>"; };
		C91EA77F115DA5AF00182550 /* TimelineFriends.h */ = {isa = PBXFileReference; fileEncoding = 4; lastKnownFileType = sourcecode.c.h; path = TimelineFriends.h; sourceTree = "<group>"; };
		C91EA780115DA5AF00182550 /* TimelineFriends.m */ = {isa = PBXFileReference; fileEncoding = 4; lastKnownFileType = sourcecode.c.objc; path = TimelineFriends.m; sourceTree = "<group>"; };
		C9351D2111601069001CFE7C /* Settings.h */ = {isa = PBXFileReference; fileEncoding = 4; lastKnownFileType = sourcecode.c.h; path = Settings.h; sourceTree = "<group>"; };
		C9351D2211601069001CFE7C /* Settings.m */ = {isa = PBXFileReference; fileEncoding = 4; lastKnownFileType = sourcecode.c.objc; path = Settings.m; sourceTree = "<group>"; };
		C9351D24116010D4001CFE7C /* SettingsObserver.h */ = {isa = PBXFileReference; fileEncoding = 4; lastKnownFileType = sourcecode.c.h; path = SettingsObserver.h; sourceTree = "<group>"; };
		C9EB2DFA115E4DDD0088586B /* JSON.h */ = {isa = PBXFileReference; fileEncoding = 4; lastKnownFileType = sourcecode.c.h; path = JSON.h; sourceTree = "<group>"; };
		C9EB2DFB115E4DDD0088586B /* NSObject+SBJSON.h */ = {isa = PBXFileReference; fileEncoding = 4; lastKnownFileType = sourcecode.c.h; path = "NSObject+SBJSON.h"; sourceTree = "<group>"; };
		C9EB2DFC115E4DDD0088586B /* NSObject+SBJSON.m */ = {isa = PBXFileReference; fileEncoding = 4; lastKnownFileType = sourcecode.c.objc; path = "NSObject+SBJSON.m"; sourceTree = "<group>"; };
		C9EB2DFD115E4DDD0088586B /* NSString+SBJSON.h */ = {isa = PBXFileReference; fileEncoding = 4; lastKnownFileType = sourcecode.c.h; path = "NSString+SBJSON.h"; sourceTree = "<group>"; };
		C9EB2DFE115E4DDD0088586B /* NSString+SBJSON.m */ = {isa = PBXFileReference; fileEncoding = 4; lastKnownFileType = sourcecode.c.objc; path = "NSString+SBJSON.m"; sourceTree = "<group>"; };
		C9EB2DFF115E4DDD0088586B /* SBJSON.h */ = {isa = PBXFileReference; fileEncoding = 4; lastKnownFileType = sourcecode.c.h; path = SBJSON.h; sourceTree = "<group>"; };
		C9EB2E00115E4DDD0088586B /* SBJSON.m */ = {isa = PBXFileReference; fileEncoding = 4; lastKnownFileType = sourcecode.c.objc; path = SBJSON.m; sourceTree = "<group>"; };
		C9EB2E01115E4DDD0088586B /* SBJsonBase.h */ = {isa = PBXFileReference; fileEncoding = 4; lastKnownFileType = sourcecode.c.h; path = SBJsonBase.h; sourceTree = "<group>"; };
		C9EB2E02115E4DDD0088586B /* SBJsonBase.m */ = {isa = PBXFileReference; fileEncoding = 4; lastKnownFileType = sourcecode.c.objc; path = SBJsonBase.m; sourceTree = "<group>"; };
		C9EB2E03115E4DDD0088586B /* SBJsonParser.h */ = {isa = PBXFileReference; fileEncoding = 4; lastKnownFileType = sourcecode.c.h; path = SBJsonParser.h; sourceTree = "<group>"; };
		C9EB2E04115E4DDD0088586B /* SBJsonParser.m */ = {isa = PBXFileReference; fileEncoding = 4; lastKnownFileType = sourcecode.c.objc; path = SBJsonParser.m; sourceTree = "<group>"; };
		C9EB2E05115E4DDD0088586B /* SBJsonWriter.h */ = {isa = PBXFileReference; fileEncoding = 4; lastKnownFileType = sourcecode.c.h; path = SBJsonWriter.h; sourceTree = "<group>"; };
		C9EB2E06115E4DDD0088586B /* SBJsonWriter.m */ = {isa = PBXFileReference; fileEncoding = 4; lastKnownFileType = sourcecode.c.objc; path = SBJsonWriter.m; sourceTree = "<group>"; };
		C9EB2E71115E523F0088586B /* MainController.h */ = {isa = PBXFileReference; fileEncoding = 4; lastKnownFileType = sourcecode.c.h; path = MainController.h; sourceTree = "<group>"; };
		C9EB2E72115E523F0088586B /* MainController.m */ = {isa = PBXFileReference; fileEncoding = 4; lastKnownFileType = sourcecode.c.objc; path = MainController.m; sourceTree = "<group>"; };
		C9EB2FF9115E607E0088586B /* Timeline.xib */ = {isa = PBXFileReference; lastKnownFileType = file.xib; path = Timeline.xib; sourceTree = "<group>"; };
		C9EB2FFA115E607E0088586B /* TimelineCell.h */ = {isa = PBXFileReference; fileEncoding = 4; lastKnownFileType = sourcecode.c.h; path = TimelineCell.h; sourceTree = "<group>"; };
		C9EB2FFB115E607E0088586B /* TimelineCell.m */ = {isa = PBXFileReference; fileEncoding = 4; lastKnownFileType = sourcecode.c.objc; path = TimelineCell.m; sourceTree = "<group>"; };
		C9EB2FFC115E607E0088586B /* TimelineCell.xib */ = {isa = PBXFileReference; lastKnownFileType = file.xib; path = TimelineCell.xib; sourceTree = "<group>"; };
		C9EB2FFD115E607E0088586B /* TimelineFriendsController.h */ = {isa = PBXFileReference; fileEncoding = 4; lastKnownFileType = sourcecode.c.h; path = TimelineFriendsController.h; sourceTree = "<group>"; };
		C9EB2FFE115E607E0088586B /* TimelineFriendsController.m */ = {isa = PBXFileReference; fileEncoding = 4; lastKnownFileType = sourcecode.c.objc; path = TimelineFriendsController.m; sourceTree = "<group>"; };
		C9EB2FFF115E607E0088586B /* TimelineController.h */ = {isa = PBXFileReference; fileEncoding = 4; lastKnownFileType = sourcecode.c.h; path = TimelineController.h; sourceTree = "<group>"; };
		C9EB3000115E607E0088586B /* TimelineController.m */ = {isa = PBXFileReference; fileEncoding = 4; lastKnownFileType = sourcecode.c.objc; path = TimelineController.m; sourceTree = "<group>"; };
		C9EB3006115E608A0088586B /* TimelineRepliesController.h */ = {isa = PBXFileReference; fileEncoding = 4; lastKnownFileType = sourcecode.c.h; path = TimelineRepliesController.h; sourceTree = "<group>"; };
		C9EB3007115E608A0088586B /* TimelineRepliesController.m */ = {isa = PBXFileReference; fileEncoding = 4; lastKnownFileType = sourcecode.c.objc; path = TimelineRepliesController.m; sourceTree = "<group>"; };
		C9EB300B115E60BB0088586B /* TimelineReplies.h */ = {isa = PBXFileReference; fileEncoding = 4; lastKnownFileType = sourcecode.c.h; path = TimelineReplies.h; sourceTree = "<group>"; };
		C9EB300C115E60BB0088586B /* TimelineReplies.m */ = {isa = PBXFileReference; fileEncoding = 4; lastKnownFileType = sourcecode.c.objc; path = TimelineReplies.m; sourceTree = "<group>"; };
		C9EB303B115E625E0088586B /* NewTweet.h */ = {isa = PBXFileReference; fileEncoding = 4; lastKnownFileType = sourcecode.c.h; path = NewTweet.h; sourceTree = "<group>"; };
		C9EB303C115E625E0088586B /* NewTweet.m */ = {isa = PBXFileReference; fileEncoding = 4; lastKnownFileType = sourcecode.c.objc; path = NewTweet.m; sourceTree = "<group>"; };
		C9EB303D115E625E0088586B /* NewTweet.xib */ = {isa = PBXFileReference; lastKnownFileType = file.xib; path = NewTweet.xib; sourceTree = "<group>"; };
		C9EB308F115E6AB10088586B /* TweetOptions.h */ = {isa = PBXFileReference; fileEncoding = 4; lastKnownFileType = sourcecode.c.h; path = TweetOptions.h; sourceTree = "<group>"; };
		C9EB3090115E6AB10088586B /* TweetOptions.m */ = {isa = PBXFileReference; fileEncoding = 4; lastKnownFileType = sourcecode.c.objc; path = TweetOptions.m; sourceTree = "<group>"; };
		C9EB3091115E6AB10088586B /* TweetOptions.xib */ = {isa = PBXFileReference; lastKnownFileType = file.xib; path = TweetOptions.xib; sourceTree = "<group>"; };
/* End PBXFileReference section */

/* Begin PBXFrameworksBuildPhase section */
		1D60588F0D05DD3D006BFB54 /* Frameworks */ = {
			isa = PBXFrameworksBuildPhase;
			buildActionMask = 2147483647;
			files = (
				1D60589F0D05DD5A006BFB54 /* Foundation.framework in Frameworks */,
				1DF5F4E00D08C38300B7A737 /* UIKit.framework in Frameworks */,
				288765FD0DF74451002DB57D /* CoreGraphics.framework in Frameworks */,
				C91EA5D1115D849500182550 /* SystemConfiguration.framework in Frameworks */,
			);
			runOnlyForDeploymentPostprocessing = 0;
		};
/* End PBXFrameworksBuildPhase section */

/* Begin PBXGroup section */
		080E96DDFE201D6D7F000001 /* Classes */ = {
			isa = PBXGroup;
			children = (
				C91EA584115D820D00182550 /* Library */,
				C91EA47E115D785700182550 /* Application */,
				1D3623240D0F684500981E51 /* Tuit_arAppDelegate.h */,
				1D3623250D0F684500981E51 /* Tuit_arAppDelegate.m */,
			);
			path = Classes;
			sourceTree = "<group>";
		};
		19C28FACFE9D520D11CA2CBB /* Products */ = {
			isa = PBXGroup;
			children = (
				1D6058910D05DD3D006BFB54 /* Tuit-ar.app */,
			);
			name = Products;
			sourceTree = "<group>";
		};
		29B97314FDCFA39411CA2CEA /* CustomTemplate */ = {
			isa = PBXGroup;
			children = (
				080E96DDFE201D6D7F000001 /* Classes */,
				29B97315FDCFA39411CA2CEA /* Other Sources */,
				29B97317FDCFA39411CA2CEA /* Resources-iPhone */,
				29B97323FDCFA39411CA2CEA /* Frameworks */,
				19C28FACFE9D520D11CA2CBB /* Products */,
				C91EA5D0115D849500182550 /* SystemConfiguration.framework */,
			);
			name = CustomTemplate;
			sourceTree = "<group>";
		};
		29B97315FDCFA39411CA2CEA /* Other Sources */ = {
			isa = PBXGroup;
			children = (
				32CA4F630368D1EE00C91783 /* Tuit_ar_Prefix.pch */,
				29B97316FDCFA39411CA2CEA /* main.m */,
			);
			name = "Other Sources";
			sourceTree = "<group>";
		};
		29B97317FDCFA39411CA2CEA /* Resources-iPhone */ = {
			isa = PBXGroup;
			children = (
				28AD733E0D9D9553002E5188 /* MainWindow.xib */,
				8D1107310486CEB800E47090 /* Tuit_ar-Info.plist */,
			);
			name = "Resources-iPhone";
			sourceTree = "<group>";
		};
		29B97323FDCFA39411CA2CEA /* Frameworks */ = {
			isa = PBXGroup;
			children = (
				1DF5F4DF0D08C38300B7A737 /* UIKit.framework */,
				1D30AB110D05D00D00671497 /* Foundation.framework */,
				288765FC0DF74451002DB57D /* CoreGraphics.framework */,
			);
			name = Frameworks;
			sourceTree = "<group>";
		};
		C91EA47E115D785700182550 /* Application */ = {
			isa = PBXGroup;
			children = (
				C91EA52F115D7CA200182550 /* Api */,
				C91EA47F115D785700182550 /* Controllers */,
				C91EA6F9115D8E7400182550 /* Model */,
			);
			path = Application;
			sourceTree = "<group>";
		};
		C91EA47F115D785700182550 /* Controllers */ = {
			isa = PBXGroup;
			children = (
				C9EB2FF8115E607E0088586B /* Timeline */,
				C9EB2FFF115E607E0088586B /* TimelineController.h */,
				C9EB3000115E607E0088586B /* TimelineController.m */,
				C91EA480115D78D600182550 /* Login.h */,
				C91EA481115D78D600182550 /* Login.m */,
				C91EA482115D78D600182550 /* Login.xib */,
				C9EB2E71115E523F0088586B /* MainController.h */,
				C9EB2E72115E523F0088586B /* MainController.m */,
				C9EB303B115E625E0088586B /* NewTweet.h */,
				C9EB303C115E625E0088586B /* NewTweet.m */,
				C9EB303D115E625E0088586B /* NewTweet.xib */,
				C9EB308F115E6AB10088586B /* TweetOptions.h */,
				C9EB3090115E6AB10088586B /* TweetOptions.m */,
				C9EB3091115E6AB10088586B /* TweetOptions.xib */,
				C9023EC2116000E60013A900 /* Preferences.h */,
				C9023EC3116000E60013A900 /* Preferences.m */,
				C9023EC4116000E60013A900 /* Preferences.xib */,
			);
			path = Controllers;
			sourceTree = "<group>";
		};
		C91EA52F115D7CA200182550 /* Api */ = {
			isa = PBXGroup;
			children = (
				C91EA530115D7CAD00182550 /* Twitter.h */,
				C91EA531115D7CAD00182550 /* Twitter.m */,
				C91EA533115D7DF400182550 /* TwitterRequest.h */,
				C91EA534115D7DF400182550 /* TwitterRequest.m */,
				C91EA536115D7E6A00182550 /* TwitterObserver.h */,
			);
			path = Api;
			sourceTree = "<group>";
		};
		C91EA584115D820D00182550 /* Library */ = {
			isa = PBXGroup;
			children = (
				C91EA585115D820D00182550 /* HTTP */,
				C91EA58C115D820D00182550 /* HTTP+JSON */,
				C91EA593115D830300182550 /* JSON */,
				C91EA5BC115D846B00182550 /* Patches */,
			);
			path = Library;
			sourceTree = "<group>";
		};
		C91EA585115D820D00182550 /* HTTP */ = {
			isa = PBXGroup;
			children = (
				C91EA586115D820D00182550 /* HTTPRequest.h */,
				C91EA587115D820D00182550 /* HTTPRequest.m */,
				C91EA588115D820D00182550 /* HTTPRequestAsyncronic.h */,
				C91EA589115D820D00182550 /* HTTPRequestAsyncronic.m */,
				C91EA58A115D820D00182550 /* HTTPRequestSyncronic.h */,
				C91EA58B115D820D00182550 /* HTTPRequestSyncronic.m */,
			);
			path = HTTP;
			sourceTree = "<group>";
		};
		C91EA58C115D820D00182550 /* HTTP+JSON */ = {
			isa = PBXGroup;
			children = (
				C91EA58D115D820D00182550 /* JSONHTTPRequest.h */,
				C91EA58E115D820D00182550 /* JSONHTTPRequest.m */,
			);
			path = "HTTP+JSON";
			sourceTree = "<group>";
		};
		C91EA593115D830300182550 /* JSON */ = {
			isa = PBXGroup;
			children = (
				C9EB2DFA115E4DDD0088586B /* JSON.h */,
				C9EB2DFB115E4DDD0088586B /* NSObject+SBJSON.h */,
				C9EB2DFC115E4DDD0088586B /* NSObject+SBJSON.m */,
				C9EB2DFD115E4DDD0088586B /* NSString+SBJSON.h */,
				C9EB2DFE115E4DDD0088586B /* NSString+SBJSON.m */,
				C9EB2DFF115E4DDD0088586B /* SBJSON.h */,
				C9EB2E00115E4DDD0088586B /* SBJSON.m */,
				C9EB2E01115E4DDD0088586B /* SBJsonBase.h */,
				C9EB2E02115E4DDD0088586B /* SBJsonBase.m */,
				C9EB2E03115E4DDD0088586B /* SBJsonParser.h */,
				C9EB2E04115E4DDD0088586B /* SBJsonParser.m */,
				C9EB2E05115E4DDD0088586B /* SBJsonWriter.h */,
				C9EB2E06115E4DDD0088586B /* SBJsonWriter.m */,
			);
			path = JSON;
			sourceTree = "<group>";
		};
		C91EA5BC115D846B00182550 /* Patches */ = {
			isa = PBXGroup;
			children = (
				C91EA5BD115D846B00182550 /* NSMutableSetNonRetain.h */,
				C91EA5BE115D846B00182550 /* NSMutableSetNonRetain.m */,
				C91EA5BF115D846B00182550 /* NSObjectClassName.h */,
				C91EA5C0115D846B00182550 /* NSObjectClassName.m */,
				C91EA5C1115D846B00182550 /* UITableViewCellLoader.h */,
				C91EA5C2115D846B00182550 /* UITableViewCellLoader.m */,
			);
			path = Patches;
			sourceTree = "<group>";
		};
		C91EA6F9115D8E7400182550 /* Model */ = {
			isa = PBXGroup;
			children = (
				C91EA77E115DA59A00182550 /* Timeline */,
				C91EA6FA115D8E8200182550 /* Tweet.h */,
				C91EA6FB115D8E8200182550 /* Tweet.m */,
				C91EA71B115DA16200182550 /* Timeline.h */,
				C91EA71C115DA16200182550 /* Timeline.m */,
				C91EA76C115DA4D200182550 /* TimelineObserver.h */,
				C9351D2111601069001CFE7C /* Settings.h */,
				C9351D2211601069001CFE7C /* Settings.m */,
				C9351D24116010D4001CFE7C /* SettingsObserver.h */,
			);
			path = Model;
			sourceTree = "<group>";
		};
		C91EA77E115DA59A00182550 /* Timeline */ = {
			isa = PBXGroup;
			children = (
				C91EA77F115DA5AF00182550 /* TimelineFriends.h */,
				C91EA780115DA5AF00182550 /* TimelineFriends.m */,
				C9EB300B115E60BB0088586B /* TimelineReplies.h */,
				C9EB300C115E60BB0088586B /* TimelineReplies.m */,
			);
			path = Timeline;
			sourceTree = "<group>";
		};
		C9EB2FF8115E607E0088586B /* Timeline */ = {
			isa = PBXGroup;
			children = (
				C9EB2FF9115E607E0088586B /* Timeline.xib */,
				C9EB2FFA115E607E0088586B /* TimelineCell.h */,
				C9EB2FFB115E607E0088586B /* TimelineCell.m */,
				C9EB2FFC115E607E0088586B /* TimelineCell.xib */,
				C9EB2FFD115E607E0088586B /* TimelineFriendsController.h */,
				C9EB2FFE115E607E0088586B /* TimelineFriendsController.m */,
				C9EB3006115E608A0088586B /* TimelineRepliesController.h */,
				C9EB3007115E608A0088586B /* TimelineRepliesController.m */,
			);
			path = Timeline;
			sourceTree = "<group>";
		};
/* End PBXGroup section */

/* Begin PBXNativeTarget section */
		1D6058900D05DD3D006BFB54 /* Tuit-ar */ = {
			isa = PBXNativeTarget;
			buildConfigurationList = 1D6058960D05DD3E006BFB54 /* Build configuration list for PBXNativeTarget "Tuit-ar" */;
			buildPhases = (
				1D60588D0D05DD3D006BFB54 /* Resources */,
				1D60588E0D05DD3D006BFB54 /* Sources */,
				1D60588F0D05DD3D006BFB54 /* Frameworks */,
			);
			buildRules = (
			);
			dependencies = (
			);
			name = "Tuit-ar";
			productName = "Tuit-ar";
			productReference = 1D6058910D05DD3D006BFB54 /* Tuit-ar.app */;
			productType = "com.apple.product-type.application";
		};
/* End PBXNativeTarget section */

/* Begin PBXProject section */
		29B97313FDCFA39411CA2CEA /* Project object */ = {
			isa = PBXProject;
			buildConfigurationList = C01FCF4E08A954540054247B /* Build configuration list for PBXProject "Tuit-ar" */;
			compatibilityVersion = "Xcode 3.1";
			hasScannedForEncodings = 1;
			mainGroup = 29B97314FDCFA39411CA2CEA /* CustomTemplate */;
			projectDirPath = "";
			projectRoot = "";
			targets = (
				1D6058900D05DD3D006BFB54 /* Tuit-ar */,
			);
		};
/* End PBXProject section */

/* Begin PBXResourcesBuildPhase section */
		1D60588D0D05DD3D006BFB54 /* Resources */ = {
			isa = PBXResourcesBuildPhase;
			buildActionMask = 2147483647;
			files = (
				28AD733F0D9D9553002E5188 /* MainWindow.xib in Resources */,
				C91EA484115D78D600182550 /* Login.xib in Resources */,
				C9EB3001115E607E0088586B /* Timeline.xib in Resources */,
				C9EB3003115E607E0088586B /* TimelineCell.xib in Resources */,
				C9EB303F115E625E0088586B /* NewTweet.xib in Resources */,
				C9EB3093115E6AB10088586B /* TweetOptions.xib in Resources */,
				C9023EC6116000E60013A900 /* Preferences.xib in Resources */,
			);
			runOnlyForDeploymentPostprocessing = 0;
		};
/* End PBXResourcesBuildPhase section */

/* Begin PBXSourcesBuildPhase section */
		1D60588E0D05DD3D006BFB54 /* Sources */ = {
			isa = PBXSourcesBuildPhase;
			buildActionMask = 2147483647;
			files = (
				1D60589B0D05DD56006BFB54 /* main.m in Sources */,
				1D3623260D0F684500981E51 /* Tuit_arAppDelegate.m in Sources */,
				C91EA483115D78D600182550 /* Login.m in Sources */,
				C91EA532115D7CAD00182550 /* Twitter.m in Sources */,
				C91EA535115D7DF400182550 /* TwitterRequest.m in Sources */,
				C91EA58F115D820D00182550 /* HTTPRequest.m in Sources */,
				C91EA590115D820D00182550 /* HTTPRequestAsyncronic.m in Sources */,
				C91EA591115D820D00182550 /* HTTPRequestSyncronic.m in Sources */,
				C91EA592115D820D00182550 /* JSONHTTPRequest.m in Sources */,
				C91EA5C3115D846B00182550 /* NSMutableSetNonRetain.m in Sources */,
				C91EA5C4115D846B00182550 /* NSObjectClassName.m in Sources */,
				C91EA5C5115D846B00182550 /* UITableViewCellLoader.m in Sources */,
				C91EA6FC115D8E8200182550 /* Tweet.m in Sources */,
				C91EA71D115DA16200182550 /* Timeline.m in Sources */,
				C91EA781115DA5AF00182550 /* TimelineFriends.m in Sources */,
				C9EB2E07115E4DDD0088586B /* NSObject+SBJSON.m in Sources */,
				C9EB2E08115E4DDD0088586B /* NSString+SBJSON.m in Sources */,
				C9EB2E09115E4DDD0088586B /* SBJSON.m in Sources */,
				C9EB2E0A115E4DDD0088586B /* SBJsonBase.m in Sources */,
				C9EB2E0B115E4DDD0088586B /* SBJsonParser.m in Sources */,
				C9EB2E0C115E4DDD0088586B /* SBJsonWriter.m in Sources */,
				C9EB2E73115E523F0088586B /* MainController.m in Sources */,
				C9EB3002115E607E0088586B /* TimelineCell.m in Sources */,
				C9EB3004115E607E0088586B /* TimelineFriendsController.m in Sources */,
				C9EB3005115E607E0088586B /* TimelineController.m in Sources */,
				C9EB3008115E608A0088586B /* TimelineRepliesController.m in Sources */,
				C9EB300D115E60BB0088586B /* TimelineReplies.m in Sources */,
				C9EB303E115E625E0088586B /* NewTweet.m in Sources */,
				C9EB3092115E6AB10088586B /* TweetOptions.m in Sources */,
				C9023EC5116000E60013A900 /* Preferences.m in Sources */,
				C9351D2311601069001CFE7C /* Settings.m in Sources */,
			);
			runOnlyForDeploymentPostprocessing = 0;
		};
/* End PBXSourcesBuildPhase section */

/* Begin XCBuildConfiguration section */
		1D6058940D05DD3E006BFB54 /* Debug */ = {
			isa = XCBuildConfiguration;
			buildSettings = {
				ALWAYS_SEARCH_USER_PATHS = NO;
				COPY_PHASE_STRIP = NO;
				GCC_DYNAMIC_NO_PIC = NO;
				GCC_OPTIMIZATION_LEVEL = 0;
				GCC_PRECOMPILE_PREFIX_HEADER = YES;
				GCC_PREFIX_HEADER = Tuit_ar_Prefix.pch;
				INFOPLIST_FILE = "Tuit_ar-Info.plist";
				PRODUCT_NAME = "Tuit-ar";
			};
			name = Debug;
		};
		1D6058950D05DD3E006BFB54 /* Release */ = {
			isa = XCBuildConfiguration;
			buildSettings = {
				ALWAYS_SEARCH_USER_PATHS = NO;
				COPY_PHASE_STRIP = YES;
				GCC_PRECOMPILE_PREFIX_HEADER = YES;
				GCC_PREFIX_HEADER = Tuit_ar_Prefix.pch;
				INFOPLIST_FILE = "Tuit_ar-Info.plist";
				PRODUCT_NAME = "Tuit-ar";
				VALIDATE_PRODUCT = YES;
			};
			name = Release;
		};
		C01FCF4F08A954540054247B /* Debug */ = {
			isa = XCBuildConfiguration;
			buildSettings = {
				ARCHS = "$(ARCHS_STANDARD_32_BIT)";
				"CODE_SIGN_IDENTITY[sdk=iphoneos*]" = "iPhone Developer";
				GCC_C_LANGUAGE_STANDARD = c99;
				GCC_WARN_ABOUT_RETURN_TYPE = YES;
				GCC_WARN_UNUSED_VARIABLE = YES;
				PREBINDING = NO;
				SDKROOT = iphoneos3.0;
			};
			name = Debug;
		};
		C01FCF5008A954540054247B /* Release */ = {
			isa = XCBuildConfiguration;
			buildSettings = {
				ARCHS = "$(ARCHS_STANDARD_32_BIT)";
				"CODE_SIGN_IDENTITY[sdk=iphoneos*]" = "iPhone Developer";
				GCC_C_LANGUAGE_STANDARD = c99;
				GCC_WARN_ABOUT_RETURN_TYPE = YES;
				GCC_WARN_UNUSED_VARIABLE = YES;
				OTHER_CFLAGS = "-DNS_BLOCK_ASSERTIONS=1";
				PREBINDING = NO;
				SDKROOT = iphoneos3.2;
			};
			name = Release;
		};
/* End XCBuildConfiguration section */

/* Begin XCConfigurationList section */
		1D6058960D05DD3E006BFB54 /* Build configuration list for PBXNativeTarget "Tuit-ar" */ = {
			isa = XCConfigurationList;
			buildConfigurations = (
				1D6058940D05DD3E006BFB54 /* Debug */,
				1D6058950D05DD3E006BFB54 /* Release */,
			);
			defaultConfigurationIsVisible = 0;
			defaultConfigurationName = Release;
		};
		C01FCF4E08A954540054247B /* Build configuration list for PBXProject "Tuit-ar" */ = {
			isa = XCConfigurationList;
			buildConfigurations = (
				C01FCF4F08A954540054247B /* Debug */,
				C01FCF5008A954540054247B /* Release */,
			);
			defaultConfigurationIsVisible = 0;
			defaultConfigurationName = Release;
		};
/* End XCConfigurationList section */
	};
	rootObject = 29B97313FDCFA39411CA2CEA /* Project object */;
}
